// !$*UTF8*$!
{
	archiveVersion = 1;
	classes = {
	};
	objectVersion = 55;
	objects = {

/* Begin PBXBuildFile section */
		8346A21E277F16CB00E043A8 /* Test.swift in Sources */ = {isa = PBXBuildFile; fileRef = 8346A21D277F16CB00E043A8 /* Test.swift */; };
		8346A220277F3D9000E043A8 /* Mitglied.swift in Sources */ = {isa = PBXBuildFile; fileRef = 8346A21F277F3D9000E043A8 /* Mitglied.swift */; };
		837CA0E4277A458D00990757 /* Verein.swift in Sources */ = {isa = PBXBuildFile; fileRef = 837CA0E3277A458D00990757 /* Verein.swift */; };
		837CA0E6277B690100990757 /* VereinRequest.swift in Sources */ = {isa = PBXBuildFile; fileRef = 837CA0E5277B690100990757 /* VereinRequest.swift */; };
		837CA0EB277B734B00990757 /* VereinView.swift in Sources */ = {isa = PBXBuildFile; fileRef = 837CA0EA277B734B00990757 /* VereinView.swift */; };
		837CA0ED277B75FF00990757 /* VereinList.swift in Sources */ = {isa = PBXBuildFile; fileRef = 837CA0EC277B75FF00990757 /* VereinList.swift */; };
		837CA0EF277B77F300990757 /* VereinEditionView.swift in Sources */ = {isa = PBXBuildFile; fileRef = 837CA0EE277B77F300990757 /* VereinEditionView.swift */; };
		837CA0F1277B794600990757 /* VereinFormView.swift in Sources */ = {isa = PBXBuildFile; fileRef = 837CA0F0277B794600990757 /* VereinFormView.swift */; };
		837CA0F3277B81C300990757 /* VereinCreationView.swift in Sources */ = {isa = PBXBuildFile; fileRef = 837CA0F2277B81C300990757 /* VereinCreationView.swift */; };
		8384F9A0276F9D010079F14A /* GRDB in Frameworks */ = {isa = PBXBuildFile; productRef = 8384F99F276F9D010079F14A /* GRDB */; };
		8384F9A3276F9D130079F14A /* GRDBQuery in Frameworks */ = {isa = PBXBuildFile; productRef = 8384F9A2276F9D130079F14A /* GRDBQuery */; };
		8384F9A8276F9D300079F14A /* Persistence.swift in Sources */ = {isa = PBXBuildFile; fileRef = 8384F9A4276F9D300079F14A /* Persistence.swift */; };
		8384F9A9276F9D300079F14A /* Person.swift in Sources */ = {isa = PBXBuildFile; fileRef = 8384F9A5276F9D300079F14A /* Person.swift */; };
		8384F9AA276F9D300079F14A /* AppDatabase.swift in Sources */ = {isa = PBXBuildFile; fileRef = 8384F9A6276F9D300079F14A /* AppDatabase.swift */; };
		8384F9AB276F9D300079F14A /* PersonRequest.swift in Sources */ = {isa = PBXBuildFile; fileRef = 8384F9A7276F9D300079F14A /* PersonRequest.swift */; };
		8384F9B3276F9D470079F14A /* PersonFormView.swift in Sources */ = {isa = PBXBuildFile; fileRef = 8384F9AC276F9D470079F14A /* PersonFormView.swift */; };
		8384F9B5276F9D470079F14A /* PersonCreationView.swift in Sources */ = {isa = PBXBuildFile; fileRef = 8384F9AE276F9D470079F14A /* PersonCreationView.swift */; };
		8384F9B6276F9D470079F14A /* PersonView.swift in Sources */ = {isa = PBXBuildFile; fileRef = 8384F9AF276F9D470079F14A /* PersonView.swift */; };
		8384F9B7276F9D470079F14A /* PersonList.swift in Sources */ = {isa = PBXBuildFile; fileRef = 8384F9B0276F9D470079F14A /* PersonList.swift */; };
		8384F9BB276FA60B0079F14A /* PersonEditionView.swift in Sources */ = {isa = PBXBuildFile; fileRef = 8384F9BA276FA60B0079F14A /* PersonEditionView.swift */; };
		83A3A3BF277D919A007643A2 /* StartMenu2.swift in Sources */ = {isa = PBXBuildFile; fileRef = 83A3A3BE277D919A007643A2 /* StartMenu2.swift */; };
		83A3A3C3277D9379007643A2 /* logoKanuControl100px.png in Resources */ = {isa = PBXBuildFile; fileRef = 83A3A3C0277D9379007643A2 /* logoKanuControl100px.png */; };
		83A3A3C4277D9379007643A2 /* logoKanuControl50px.png in Resources */ = {isa = PBXBuildFile; fileRef = 83A3A3C1277D9379007643A2 /* logoKanuControl50px.png */; };
		83A3A3C5277D9379007643A2 /* logoKanuControl200px.png in Resources */ = {isa = PBXBuildFile; fileRef = 83A3A3C2277D9379007643A2 /* logoKanuControl200px.png */; };
		83A3CB5A2779FC8400C0A994 /* StammdatenView.swift in Sources */ = {isa = PBXBuildFile; fileRef = 83A3CB592779FC8400C0A994 /* StammdatenView.swift */; };
		83A3CB5C2779FD7200C0A994 /* VeranstaltungsdatenView.swift in Sources */ = {isa = PBXBuildFile; fileRef = 83A3CB5B2779FD7200C0A994 /* VeranstaltungsdatenView.swift */; };
		83A4C2B8276F9BC700C705DF /* KanuControlApp.swift in Sources */ = {isa = PBXBuildFile; fileRef = 83A4C2B7276F9BC700C705DF /* KanuControlApp.swift */; };
		83A4C2BC276F9BC800C705DF /* Assets.xcassets in Resources */ = {isa = PBXBuildFile; fileRef = 83A4C2BB276F9BC800C705DF /* Assets.xcassets */; };
		83A4C2BF276F9BC800C705DF /* Preview Assets.xcassets in Resources */ = {isa = PBXBuildFile; fileRef = 83A4C2BE276F9BC800C705DF /* Preview Assets.xcassets */; };
		83E75C1B2771F11100177DBF /* SSToastMessage in Frameworks */ = {isa = PBXBuildFile; productRef = 83E75C1A2771F11100177DBF /* SSToastMessage */; };
/* End PBXBuildFile section */

/* Begin PBXFileReference section */
		8346A21D277F16CB00E043A8 /* Test.swift */ = {isa = PBXFileReference; lastKnownFileType = sourcecode.swift; path = Test.swift; sourceTree = "<group>"; };
		8346A21F277F3D9000E043A8 /* Mitglied.swift */ = {isa = PBXFileReference; lastKnownFileType = sourcecode.swift; path = Mitglied.swift; sourceTree = "<group>"; };
		837CA0E3277A458D00990757 /* Verein.swift */ = {isa = PBXFileReference; lastKnownFileType = sourcecode.swift; path = Verein.swift; sourceTree = "<group>"; };
		837CA0E5277B690100990757 /* VereinRequest.swift */ = {isa = PBXFileReference; lastKnownFileType = sourcecode.swift; path = VereinRequest.swift; sourceTree = "<group>"; };
		837CA0EA277B734B00990757 /* VereinView.swift */ = {isa = PBXFileReference; lastKnownFileType = sourcecode.swift; path = VereinView.swift; sourceTree = "<group>"; };
		837CA0EC277B75FF00990757 /* VereinList.swift */ = {isa = PBXFileReference; lastKnownFileType = sourcecode.swift; path = VereinList.swift; sourceTree = "<group>"; };
		837CA0EE277B77F300990757 /* VereinEditionView.swift */ = {isa = PBXFileReference; lastKnownFileType = sourcecode.swift; path = VereinEditionView.swift; sourceTree = "<group>"; };
		837CA0F0277B794600990757 /* VereinFormView.swift */ = {isa = PBXFileReference; lastKnownFileType = sourcecode.swift; path = VereinFormView.swift; sourceTree = "<group>"; };
		837CA0F2277B81C300990757 /* VereinCreationView.swift */ = {isa = PBXFileReference; lastKnownFileType = sourcecode.swift; path = VereinCreationView.swift; sourceTree = "<group>"; };
		8384F9A4276F9D300079F14A /* Persistence.swift */ = {isa = PBXFileReference; fileEncoding = 4; lastKnownFileType = sourcecode.swift; path = Persistence.swift; sourceTree = "<group>"; };
		8384F9A5276F9D300079F14A /* Person.swift */ = {isa = PBXFileReference; fileEncoding = 4; lastKnownFileType = sourcecode.swift; path = Person.swift; sourceTree = "<group>"; };
		8384F9A6276F9D300079F14A /* AppDatabase.swift */ = {isa = PBXFileReference; fileEncoding = 4; lastKnownFileType = sourcecode.swift; path = AppDatabase.swift; sourceTree = "<group>"; };
		8384F9A7276F9D300079F14A /* PersonRequest.swift */ = {isa = PBXFileReference; fileEncoding = 4; lastKnownFileType = sourcecode.swift; path = PersonRequest.swift; sourceTree = "<group>"; };
		8384F9AC276F9D470079F14A /* PersonFormView.swift */ = {isa = PBXFileReference; fileEncoding = 4; lastKnownFileType = sourcecode.swift; path = PersonFormView.swift; sourceTree = "<group>"; };
		8384F9AE276F9D470079F14A /* PersonCreationView.swift */ = {isa = PBXFileReference; fileEncoding = 4; lastKnownFileType = sourcecode.swift; path = PersonCreationView.swift; sourceTree = "<group>"; };
		8384F9AF276F9D470079F14A /* PersonView.swift */ = {isa = PBXFileReference; fileEncoding = 4; lastKnownFileType = sourcecode.swift; path = PersonView.swift; sourceTree = "<group>"; };
		8384F9B0276F9D470079F14A /* PersonList.swift */ = {isa = PBXFileReference; fileEncoding = 4; lastKnownFileType = sourcecode.swift; path = PersonList.swift; sourceTree = "<group>"; };
		8384F9BA276FA60B0079F14A /* PersonEditionView.swift */ = {isa = PBXFileReference; fileEncoding = 4; lastKnownFileType = sourcecode.swift; path = PersonEditionView.swift; sourceTree = "<group>"; };
		83A3A3BE277D919A007643A2 /* StartMenu2.swift */ = {isa = PBXFileReference; lastKnownFileType = sourcecode.swift; path = StartMenu2.swift; sourceTree = "<group>"; };
		83A3A3C0277D9379007643A2 /* logoKanuControl100px.png */ = {isa = PBXFileReference; lastKnownFileType = image.png; name = logoKanuControl100px.png; path = KanuControl/Assets/logoKanuControl100px.png; sourceTree = SOURCE_ROOT; };
		83A3A3C1277D9379007643A2 /* logoKanuControl50px.png */ = {isa = PBXFileReference; lastKnownFileType = image.png; name = logoKanuControl50px.png; path = KanuControl/Assets/logoKanuControl50px.png; sourceTree = SOURCE_ROOT; };
		83A3A3C2277D9379007643A2 /* logoKanuControl200px.png */ = {isa = PBXFileReference; lastKnownFileType = image.png; name = logoKanuControl200px.png; path = KanuControl/Assets/logoKanuControl200px.png; sourceTree = SOURCE_ROOT; };
		83A3CB592779FC8400C0A994 /* StammdatenView.swift */ = {isa = PBXFileReference; lastKnownFileType = sourcecode.swift; path = StammdatenView.swift; sourceTree = "<group>"; };
		83A3CB5B2779FD7200C0A994 /* VeranstaltungsdatenView.swift */ = {isa = PBXFileReference; lastKnownFileType = sourcecode.swift; path = VeranstaltungsdatenView.swift; sourceTree = "<group>"; };
		83A4C2B4276F9BC700C705DF /* KanuControl.app */ = {isa = PBXFileReference; explicitFileType = wrapper.application; includeInIndex = 0; path = KanuControl.app; sourceTree = BUILT_PRODUCTS_DIR; };
		83A4C2B7276F9BC700C705DF /* KanuControlApp.swift */ = {isa = PBXFileReference; lastKnownFileType = sourcecode.swift; path = KanuControlApp.swift; sourceTree = "<group>"; };
		83A4C2BB276F9BC800C705DF /* Assets.xcassets */ = {isa = PBXFileReference; lastKnownFileType = folder.assetcatalog; path = Assets.xcassets; sourceTree = "<group>"; };
		83A4C2BE276F9BC800C705DF /* Preview Assets.xcassets */ = {isa = PBXFileReference; lastKnownFileType = folder.assetcatalog; path = "Preview Assets.xcassets"; sourceTree = "<group>"; };
/* End PBXFileReference section */

/* Begin PBXFrameworksBuildPhase section */
		83A4C2B1276F9BC700C705DF /* Frameworks */ = {
			isa = PBXFrameworksBuildPhase;
			buildActionMask = 2147483647;
			files = (
				8384F9A3276F9D130079F14A /* GRDBQuery in Frameworks */,
				8384F9A0276F9D010079F14A /* GRDB in Frameworks */,
				83E75C1B2771F11100177DBF /* SSToastMessage in Frameworks */,
			);
			runOnlyForDeploymentPostprocessing = 0;
		};
/* End PBXFrameworksBuildPhase section */

/* Begin PBXGroup section */
		83A3A3C6277D939C007643A2 /* Assets */ = {
			isa = PBXGroup;
			children = (
				83A4C2BB276F9BC800C705DF /* Assets.xcassets */,
				83A3A3C1277D9379007643A2 /* logoKanuControl50px.png */,
				83A3A3C0277D9379007643A2 /* logoKanuControl100px.png */,
				83A3A3C2277D9379007643A2 /* logoKanuControl200px.png */,
			);
			path = Assets;
			sourceTree = "<group>";
		};
		83A4C2AB276F9BC700C705DF = {
			isa = PBXGroup;
			children = (
				83A4C2B6276F9BC700C705DF /* KanuControl */,
				83A4C2B5276F9BC700C705DF /* Products */,
			);
			sourceTree = "<group>";
		};
		83A4C2B5276F9BC700C705DF /* Products */ = {
			isa = PBXGroup;
			children = (
				83A4C2B4276F9BC700C705DF /* KanuControl.app */,
			);
			name = Products;
			sourceTree = "<group>";
		};
		83A4C2B6276F9BC700C705DF /* KanuControl */ = {
			isa = PBXGroup;
			children = (
				83A3A3C6277D939C007643A2 /* Assets */,
				83A4C2C5276F9BDA00C705DF /* Main */,
				83A4C2C6276F9BE400C705DF /* Model */,
				83A4C2C7276F9BEC00C705DF /* Views */,
				83C2740C2779F66200894286 /* ViewElements */,
				83A4C2BD276F9BC800C705DF /* Preview Content */,
			);
			path = KanuControl;
			sourceTree = "<group>";
		};
		83A4C2BD276F9BC800C705DF /* Preview Content */ = {
			isa = PBXGroup;
			children = (
				83A4C2BE276F9BC800C705DF /* Preview Assets.xcassets */,
			);
			path = "Preview Content";
			sourceTree = "<group>";
		};
		83A4C2C5276F9BDA00C705DF /* Main */ = {
			isa = PBXGroup;
			children = (
				83A4C2B7276F9BC700C705DF /* KanuControlApp.swift */,
			);
			path = Main;
			sourceTree = "<group>";
		};
		83A4C2C6276F9BE400C705DF /* Model */ = {
			isa = PBXGroup;
			children = (
				8384F9A6276F9D300079F14A /* AppDatabase.swift */,
				8384F9A4276F9D300079F14A /* Persistence.swift */,
				8384F9A5276F9D300079F14A /* Person.swift */,
				8384F9A7276F9D300079F14A /* PersonRequest.swift */,
				837CA0E3277A458D00990757 /* Verein.swift */,
				837CA0E5277B690100990757 /* VereinRequest.swift */,
				8346A21F277F3D9000E043A8 /* Mitglied.swift */,
			);
			path = Model;
			sourceTree = "<group>";
		};
		83A4C2C7276F9BEC00C705DF /* Views */ = {
			isa = PBXGroup;
			children = (
				8384F9BA276FA60B0079F14A /* PersonEditionView.swift */,
				8384F9AF276F9D470079F14A /* PersonView.swift */,
				8384F9AE276F9D470079F14A /* PersonCreationView.swift */,
				8384F9AC276F9D470079F14A /* PersonFormView.swift */,
				8384F9B0276F9D470079F14A /* PersonList.swift */,
				837CA0EA277B734B00990757 /* VereinView.swift */,
				837CA0EC277B75FF00990757 /* VereinList.swift */,
				837CA0EE277B77F300990757 /* VereinEditionView.swift */,
				837CA0F0277B794600990757 /* VereinFormView.swift */,
				837CA0F2277B81C300990757 /* VereinCreationView.swift */,
				83A3A3BE277D919A007643A2 /* StartMenu2.swift */,
				8346A21D277F16CB00E043A8 /* Test.swift */,
			);
			path = Views;
			sourceTree = "<group>";
		};
		83C2740C2779F66200894286 /* ViewElements */ = {
			isa = PBXGroup;
			children = (
				83A3CB592779FC8400C0A994 /* StammdatenView.swift */,
				83A3CB5B2779FD7200C0A994 /* VeranstaltungsdatenView.swift */,
			);
			path = ViewElements;
			sourceTree = "<group>";
		};
/* End PBXGroup section */

/* Begin PBXNativeTarget section */
		83A4C2B3276F9BC700C705DF /* KanuControl */ = {
			isa = PBXNativeTarget;
			buildConfigurationList = 83A4C2C2276F9BC800C705DF /* Build configuration list for PBXNativeTarget "KanuControl" */;
			buildPhases = (
				83A4C2B0276F9BC700C705DF /* Sources */,
				83A4C2B1276F9BC700C705DF /* Frameworks */,
				83A4C2B2276F9BC700C705DF /* Resources */,
			);
			buildRules = (
			);
			dependencies = (
			);
			name = KanuControl;
			packageProductDependencies = (
				8384F99F276F9D010079F14A /* GRDB */,
				8384F9A2276F9D130079F14A /* GRDBQuery */,
				83E75C1A2771F11100177DBF /* SSToastMessage */,
			);
			productName = KanuControl;
			productReference = 83A4C2B4276F9BC700C705DF /* KanuControl.app */;
			productType = "com.apple.product-type.application";
		};
/* End PBXNativeTarget section */

/* Begin PBXProject section */
		83A4C2AC276F9BC700C705DF /* Project object */ = {
			isa = PBXProject;
			attributes = {
				BuildIndependentTargetsInParallel = 1;
				LastSwiftUpdateCheck = 1320;
				LastUpgradeCheck = 1320;
				TargetAttributes = {
					83A4C2B3276F9BC700C705DF = {
						CreatedOnToolsVersion = 13.2.1;
					};
				};
			};
			buildConfigurationList = 83A4C2AF276F9BC700C705DF /* Build configuration list for PBXProject "KanuControl" */;
			compatibilityVersion = "Xcode 13.0";
			developmentRegion = en;
			hasScannedForEncodings = 0;
			knownRegions = (
				en,
				Base,
			);
			mainGroup = 83A4C2AB276F9BC700C705DF;
			packageReferences = (
				8384F99E276F9D010079F14A /* XCRemoteSwiftPackageReference "GRDB.swift" */,
				8384F9A1276F9D130079F14A /* XCRemoteSwiftPackageReference "GRDBQuery" */,
				83E75C192771F11100177DBF /* XCRemoteSwiftPackageReference "SSToastMessage" */,
			);
			productRefGroup = 83A4C2B5276F9BC700C705DF /* Products */;
			projectDirPath = "";
			projectRoot = "";
			targets = (
				83A4C2B3276F9BC700C705DF /* KanuControl */,
			);
		};
/* End PBXProject section */

/* Begin PBXResourcesBuildPhase section */
		83A4C2B2276F9BC700C705DF /* Resources */ = {
			isa = PBXResourcesBuildPhase;
			buildActionMask = 2147483647;
			files = (
				83A3A3C4277D9379007643A2 /* logoKanuControl50px.png in Resources */,
				83A4C2BF276F9BC800C705DF /* Preview Assets.xcassets in Resources */,
				83A4C2BC276F9BC800C705DF /* Assets.xcassets in Resources */,
				83A3A3C3277D9379007643A2 /* logoKanuControl100px.png in Resources */,
				83A3A3C5277D9379007643A2 /* logoKanuControl200px.png in Resources */,
			);
			runOnlyForDeploymentPostprocessing = 0;
		};
/* End PBXResourcesBuildPhase section */

/* Begin PBXSourcesBuildPhase section */
		83A4C2B0276F9BC700C705DF /* Sources */ = {
			isa = PBXSourcesBuildPhase;
			buildActionMask = 2147483647;
			files = (
				837CA0F3277B81C300990757 /* VereinCreationView.swift in Sources */,
				837CA0ED277B75FF00990757 /* VereinList.swift in Sources */,
				837CA0E6277B690100990757 /* VereinRequest.swift in Sources */,
				83A3CB5C2779FD7200C0A994 /* VeranstaltungsdatenView.swift in Sources */,
				8346A220277F3D9000E043A8 /* Mitglied.swift in Sources */,
				8384F9B7276F9D470079F14A /* PersonList.swift in Sources */,
				8384F9B5276F9D470079F14A /* PersonCreationView.swift in Sources */,
				83A4C2B8276F9BC700C705DF /* KanuControlApp.swift in Sources */,
				8384F9BB276FA60B0079F14A /* PersonEditionView.swift in Sources */,
				83A3A3BF277D919A007643A2 /* StartMenu2.swift in Sources */,
				8384F9B6276F9D470079F14A /* PersonView.swift in Sources */,
				837CA0E4277A458D00990757 /* Verein.swift in Sources */,
				8384F9B3276F9D470079F14A /* PersonFormView.swift in Sources */,
				83A3CB5A2779FC8400C0A994 /* StammdatenView.swift in Sources */,
				8384F9A8276F9D300079F14A /* Persistence.swift in Sources */,
				837CA0EB277B734B00990757 /* VereinView.swift in Sources */,
				8384F9AA276F9D300079F14A /* AppDatabase.swift in Sources */,
				837CA0EF277B77F300990757 /* VereinEditionView.swift in Sources */,
				8346A21E277F16CB00E043A8 /* Test.swift in Sources */,
				8384F9AB276F9D300079F14A /* PersonRequest.swift in Sources */,
				8384F9A9276F9D300079F14A /* Person.swift in Sources */,
				837CA0F1277B794600990757 /* VereinFormView.swift in Sources */,
			);
			runOnlyForDeploymentPostprocessing = 0;
		};
/* End PBXSourcesBuildPhase section */

/* Begin XCBuildConfiguration section */
		83A4C2C0276F9BC800C705DF /* Debug */ = {
			isa = XCBuildConfiguration;
			buildSettings = {
				ALWAYS_SEARCH_USER_PATHS = NO;
				CLANG_ANALYZER_NONNULL = YES;
				CLANG_ANALYZER_NUMBER_OBJECT_CONVERSION = YES_AGGRESSIVE;
				CLANG_CXX_LANGUAGE_STANDARD = "gnu++17";
				CLANG_CXX_LIBRARY = "libc++";
				CLANG_ENABLE_MODULES = YES;
				CLANG_ENABLE_OBJC_ARC = YES;
				CLANG_ENABLE_OBJC_WEAK = YES;
				CLANG_WARN_BLOCK_CAPTURE_AUTORELEASING = YES;
				CLANG_WARN_BOOL_CONVERSION = YES;
				CLANG_WARN_COMMA = YES;
				CLANG_WARN_CONSTANT_CONVERSION = YES;
				CLANG_WARN_DEPRECATED_OBJC_IMPLEMENTATIONS = YES;
				CLANG_WARN_DIRECT_OBJC_ISA_USAGE = YES_ERROR;
				CLANG_WARN_DOCUMENTATION_COMMENTS = YES;
				CLANG_WARN_EMPTY_BODY = YES;
				CLANG_WARN_ENUM_CONVERSION = YES;
				CLANG_WARN_INFINITE_RECURSION = YES;
				CLANG_WARN_INT_CONVERSION = YES;
				CLANG_WARN_NON_LITERAL_NULL_CONVERSION = YES;
				CLANG_WARN_OBJC_IMPLICIT_RETAIN_SELF = YES;
				CLANG_WARN_OBJC_LITERAL_CONVERSION = YES;
				CLANG_WARN_OBJC_ROOT_CLASS = YES_ERROR;
				CLANG_WARN_QUOTED_INCLUDE_IN_FRAMEWORK_HEADER = YES;
				CLANG_WARN_RANGE_LOOP_ANALYSIS = YES;
				CLANG_WARN_STRICT_PROTOTYPES = YES;
				CLANG_WARN_SUSPICIOUS_MOVE = YES;
				CLANG_WARN_UNGUARDED_AVAILABILITY = YES_AGGRESSIVE;
				CLANG_WARN_UNREACHABLE_CODE = YES;
				CLANG_WARN__DUPLICATE_METHOD_MATCH = YES;
				COPY_PHASE_STRIP = NO;
				DEBUG_INFORMATION_FORMAT = dwarf;
				ENABLE_STRICT_OBJC_MSGSEND = YES;
				ENABLE_TESTABILITY = YES;
				GCC_C_LANGUAGE_STANDARD = gnu11;
				GCC_DYNAMIC_NO_PIC = NO;
				GCC_NO_COMMON_BLOCKS = YES;
				GCC_OPTIMIZATION_LEVEL = 0;
				GCC_PREPROCESSOR_DEFINITIONS = (
					"DEBUG=1",
					"$(inherited)",
				);
				GCC_WARN_64_TO_32_BIT_CONVERSION = YES;
				GCC_WARN_ABOUT_RETURN_TYPE = YES_ERROR;
				GCC_WARN_UNDECLARED_SELECTOR = YES;
				GCC_WARN_UNINITIALIZED_AUTOS = YES_AGGRESSIVE;
				GCC_WARN_UNUSED_FUNCTION = YES;
				GCC_WARN_UNUSED_VARIABLE = YES;
				IPHONEOS_DEPLOYMENT_TARGET = 15.0;
				MTL_ENABLE_DEBUG_INFO = INCLUDE_SOURCE;
				MTL_FAST_MATH = YES;
				ONLY_ACTIVE_ARCH = YES;
				SDKROOT = iphoneos;
				SWIFT_ACTIVE_COMPILATION_CONDITIONS = DEBUG;
				SWIFT_OPTIMIZATION_LEVEL = "-Onone";
			};
			name = Debug;
		};
		83A4C2C1276F9BC800C705DF /* Release */ = {
			isa = XCBuildConfiguration;
			buildSettings = {
				ALWAYS_SEARCH_USER_PATHS = NO;
				CLANG_ANALYZER_NONNULL = YES;
				CLANG_ANALYZER_NUMBER_OBJECT_CONVERSION = YES_AGGRESSIVE;
				CLANG_CXX_LANGUAGE_STANDARD = "gnu++17";
				CLANG_CXX_LIBRARY = "libc++";
				CLANG_ENABLE_MODULES = YES;
				CLANG_ENABLE_OBJC_ARC = YES;
				CLANG_ENABLE_OBJC_WEAK = YES;
				CLANG_WARN_BLOCK_CAPTURE_AUTORELEASING = YES;
				CLANG_WARN_BOOL_CONVERSION = YES;
				CLANG_WARN_COMMA = YES;
				CLANG_WARN_CONSTANT_CONVERSION = YES;
				CLANG_WARN_DEPRECATED_OBJC_IMPLEMENTATIONS = YES;
				CLANG_WARN_DIRECT_OBJC_ISA_USAGE = YES_ERROR;
				CLANG_WARN_DOCUMENTATION_COMMENTS = YES;
				CLANG_WARN_EMPTY_BODY = YES;
				CLANG_WARN_ENUM_CONVERSION = YES;
				CLANG_WARN_INFINITE_RECURSION = YES;
				CLANG_WARN_INT_CONVERSION = YES;
				CLANG_WARN_NON_LITERAL_NULL_CONVERSION = YES;
				CLANG_WARN_OBJC_IMPLICIT_RETAIN_SELF = YES;
				CLANG_WARN_OBJC_LITERAL_CONVERSION = YES;
				CLANG_WARN_OBJC_ROOT_CLASS = YES_ERROR;
				CLANG_WARN_QUOTED_INCLUDE_IN_FRAMEWORK_HEADER = YES;
				CLANG_WARN_RANGE_LOOP_ANALYSIS = YES;
				CLANG_WARN_STRICT_PROTOTYPES = YES;
				CLANG_WARN_SUSPICIOUS_MOVE = YES;
				CLANG_WARN_UNGUARDED_AVAILABILITY = YES_AGGRESSIVE;
				CLANG_WARN_UNREACHABLE_CODE = YES;
				CLANG_WARN__DUPLICATE_METHOD_MATCH = YES;
				COPY_PHASE_STRIP = NO;
				DEBUG_INFORMATION_FORMAT = "dwarf-with-dsym";
				ENABLE_NS_ASSERTIONS = NO;
				ENABLE_STRICT_OBJC_MSGSEND = YES;
				GCC_C_LANGUAGE_STANDARD = gnu11;
				GCC_NO_COMMON_BLOCKS = YES;
				GCC_WARN_64_TO_32_BIT_CONVERSION = YES;
				GCC_WARN_ABOUT_RETURN_TYPE = YES_ERROR;
				GCC_WARN_UNDECLARED_SELECTOR = YES;
				GCC_WARN_UNINITIALIZED_AUTOS = YES_AGGRESSIVE;
				GCC_WARN_UNUSED_FUNCTION = YES;
				GCC_WARN_UNUSED_VARIABLE = YES;
				IPHONEOS_DEPLOYMENT_TARGET = 15.0;
				MTL_ENABLE_DEBUG_INFO = NO;
				MTL_FAST_MATH = YES;
				SDKROOT = iphoneos;
				SWIFT_COMPILATION_MODE = wholemodule;
				SWIFT_OPTIMIZATION_LEVEL = "-O";
				VALIDATE_PRODUCT = YES;
			};
			name = Release;
		};
		83A4C2C3276F9BC800C705DF /* Debug */ = {
			isa = XCBuildConfiguration;
			buildSettings = {
				ASSETCATALOG_COMPILER_APPICON_NAME = AppIcon;
				ASSETCATALOG_COMPILER_GLOBAL_ACCENT_COLOR_NAME = AccentColor;
				CODE_SIGN_STYLE = Automatic;
				CURRENT_PROJECT_VERSION = 1;
				DEVELOPMENT_ASSET_PATHS = "\"KanuControl/Preview Content\"";
				DEVELOPMENT_TEAM = SWDHHUR58R;
				ENABLE_PREVIEWS = YES;
				GENERATE_INFOPLIST_FILE = YES;
				INFOPLIST_KEY_UIApplicationSceneManifest_Generation = YES;
				INFOPLIST_KEY_UIApplicationSupportsIndirectInputEvents = YES;
				INFOPLIST_KEY_UILaunchScreen_Generation = YES;
				INFOPLIST_KEY_UISupportedInterfaceOrientations = UIInterfaceOrientationPortrait;
				INFOPLIST_KEY_UISupportedInterfaceOrientations_iPad = "UIInterfaceOrientationPortrait UIInterfaceOrientationPortraitUpsideDown UIInterfaceOrientationLandscapeLeft UIInterfaceOrientationLandscapeRight";
				INFOPLIST_KEY_UISupportedInterfaceOrientations_iPhone = "UIInterfaceOrientationPortrait UIInterfaceOrientationLandscapeLeft UIInterfaceOrientationLandscapeRight";
				LD_RUNPATH_SEARCH_PATHS = (
					"$(inherited)",
					"@executable_path/Frameworks",
				);
				MARKETING_VERSION = 1.0;
				PRODUCT_BUNDLE_IDENTIFIER = "Schog-AC.KanuControl";
				PRODUCT_NAME = "$(TARGET_NAME)";
				SWIFT_EMIT_LOC_STRINGS = YES;
				SWIFT_VERSION = 5.0;
				TARGETED_DEVICE_FAMILY = "1,2";
			};
			name = Debug;
		};
		83A4C2C4276F9BC800C705DF /* Release */ = {
			isa = XCBuildConfiguration;
			buildSettings = {
				ASSETCATALOG_COMPILER_APPICON_NAME = AppIcon;
				ASSETCATALOG_COMPILER_GLOBAL_ACCENT_COLOR_NAME = AccentColor;
				CODE_SIGN_STYLE = Automatic;
				CURRENT_PROJECT_VERSION = 1;
				DEVELOPMENT_ASSET_PATHS = "\"KanuControl/Preview Content\"";
				DEVELOPMENT_TEAM = SWDHHUR58R;
				ENABLE_PREVIEWS = YES;
				GENERATE_INFOPLIST_FILE = YES;
				INFOPLIST_KEY_UIApplicationSceneManifest_Generation = YES;
				INFOPLIST_KEY_UIApplicationSupportsIndirectInputEvents = YES;
				INFOPLIST_KEY_UILaunchScreen_Generation = YES;
				INFOPLIST_KEY_UISupportedInterfaceOrientations = UIInterfaceOrientationPortrait;
				INFOPLIST_KEY_UISupportedInterfaceOrientations_iPad = "UIInterfaceOrientationPortrait UIInterfaceOrientationPortraitUpsideDown UIInterfaceOrientationLandscapeLeft UIInterfaceOrientationLandscapeRight";
				INFOPLIST_KEY_UISupportedInterfaceOrientations_iPhone = "UIInterfaceOrientationPortrait UIInterfaceOrientationLandscapeLeft UIInterfaceOrientationLandscapeRight";
				LD_RUNPATH_SEARCH_PATHS = (
					"$(inherited)",
					"@executable_path/Frameworks",
				);
				MARKETING_VERSION = 1.0;
				PRODUCT_BUNDLE_IDENTIFIER = "Schog-AC.KanuControl";
				PRODUCT_NAME = "$(TARGET_NAME)";
				SWIFT_EMIT_LOC_STRINGS = YES;
				SWIFT_VERSION = 5.0;
				TARGETED_DEVICE_FAMILY = "1,2";
			};
			name = Release;
		};
/* End XCBuildConfiguration section */

/* Begin XCConfigurationList section */
		83A4C2AF276F9BC700C705DF /* Build configuration list for PBXProject "KanuControl" */ = {
			isa = XCConfigurationList;
			buildConfigurations = (
				83A4C2C0276F9BC800C705DF /* Debug */,
				83A4C2C1276F9BC800C705DF /* Release */,
			);
			defaultConfigurationIsVisible = 0;
			defaultConfigurationName = Release;
		};
		83A4C2C2276F9BC800C705DF /* Build configuration list for PBXNativeTarget "KanuControl" */ = {
			isa = XCConfigurationList;
			buildConfigurations = (
				83A4C2C3276F9BC800C705DF /* Debug */,
				83A4C2C4276F9BC800C705DF /* Release */,
			);
			defaultConfigurationIsVisible = 0;
			defaultConfigurationName = Release;
		};
/* End XCConfigurationList section */

/* Begin XCRemoteSwiftPackageReference section */
		8384F99E276F9D010079F14A /* XCRemoteSwiftPackageReference "GRDB.swift" */ = {
			isa = XCRemoteSwiftPackageReference;
			repositoryURL = "https://github.com/groue/GRDB.swift.git";
			requirement = {
				branch = master;
				kind = branch;
			};
		};
		8384F9A1276F9D130079F14A /* XCRemoteSwiftPackageReference "GRDBQuery" */ = {
			isa = XCRemoteSwiftPackageReference;
			repositoryURL = "https://github.com/groue/GRDBQuery.git";
			requirement = {
				branch = main;
				kind = branch;
			};
		};
		83E75C192771F11100177DBF /* XCRemoteSwiftPackageReference "SSToastMessage" */ = {
			isa = XCRemoteSwiftPackageReference;
			repositoryURL = "https://github.com/SimformSolutionsPvtLtd/SSToastMessage.git";
			requirement = {
				kind = upToNextMajorVersion;
				minimumVersion = 1.0.0;
			};
		};
/* End XCRemoteSwiftPackageReference section */

/* Begin XCSwiftPackageProductDependency section */
		8384F99F276F9D010079F14A /* GRDB */ = {
			isa = XCSwiftPackageProductDependency;
			package = 8384F99E276F9D010079F14A /* XCRemoteSwiftPackageReference "GRDB.swift" */;
			productName = GRDB;
		};
		8384F9A2276F9D130079F14A /* GRDBQuery */ = {
			isa = XCSwiftPackageProductDependency;
			package = 8384F9A1276F9D130079F14A /* XCRemoteSwiftPackageReference "GRDBQuery" */;
			productName = GRDBQuery;
		};
		83E75C1A2771F11100177DBF /* SSToastMessage */ = {
			isa = XCSwiftPackageProductDependency;
			package = 83E75C192771F11100177DBF /* XCRemoteSwiftPackageReference "SSToastMessage" */;
			productName = SSToastMessage;
		};
/* End XCSwiftPackageProductDependency section */
	};
	rootObject = 83A4C2AC276F9BC700C705DF /* Project object */;
}
